{
  "name": "nz-carousell-skill",
  "version": "1.0.0",
  "lockfileVersion": 3,
  "requires": true,
  "packages": {
    "": {
      "name": "nz-carousell-skill",
      "version": "1.0.0",
      "license": "MIT",
      "bin": {
        "nz-carousell-skill": "bin/cli.js",
        "skills": "bin/cli.js"
      }
    }
  }
}
